
Microsoft Visual Studio Solution File, Format Version 12.00
# Visual Studio 2013
VisualStudioVersion = 12.0.30501.0
MinimumVisualStudioVersion = 10.0.40219.1
Project("{FAE04EC0-301F-11D3-BF4B-00C04F79EFBC}") = "DireccionesIP", "DireccionesIP\DireccionesIP.csproj", "{CFB6EAFA-C3E7-487E-80FD-D8D304DB3543}"
EndProject
Project("{FAE04EC0-301F-11D3-BF4B-00C04F79EFBC}") = "FormDirecciones", "FormDirecciones\FormDirecciones.csproj", "{D0927DE2-1F1E-4BBF-A011-FB18EC6F4B47}"
	ProjectSection(ProjectDependencies) = postProject
		{CFB6EAFA-C3E7-487E-80FD-D8D304DB3543} = {CFB6EAFA-C3E7-487E-80FD-D8D304DB3543}
	EndProjectSection
EndProject
Global
	GlobalSection(SolutionConfigurationPlatforms) = preSolution
		Debug|Any CPU = Debug|Any CPU
		Release|Any CPU = Release|Any CPU
	EndGlobalSection
	GlobalSection(ProjectConfigurationPlatforms) = postSolution
		{CFB6EAFA-C3E7-487E-80FD-D8D304DB3543}.Debug|Any CPU.ActiveCfg = Debug|Any CPU
		{CFB6EAFA-C3E7-487E-80FD-D8D304DB3543}.Debug|Any CPU.Build.0 = Debug|Any CPU
		{CFB6EAFA-C3E7-487E-80FD-D8D304DB3543}.Release|Any CPU.ActiveCfg = Release|Any CPU
		{CFB6EAFA-C3E7-487E-80FD-D8D304DB3543}.Release|Any CPU.Build.0 = Release|Any CPU
		{D0927DE2-1F1E-4BBF-A011-FB18EC6F4B47}.Debug|Any CPU.ActiveCfg = Debug|Any CPU
		{D0927DE2-1F1E-4BBF-A011-FB18EC6F4B47}.Debug|Any CPU.Build.0 = Debug|Any CPU
		{D0927DE2-1F1E-4BBF-A011-FB18EC6F4B47}.Release|Any CPU.ActiveCfg = Release|Any CPU
		{D0927DE2-1F1E-4BBF-A011-FB18EC6F4B47}.Release|Any CPU.Build.0 = Release|Any CPU
	EndGlobalSection
	GlobalSection(SolutionProperties) = preSolution
		HideSolutionNode = FALSE
	EndGlobalSection
EndGlobal
